{
  "version": 1,
  "dependencies": {
    "net9.0": {
      "FSharp.Core": {
        "type": "Direct",
        "requested": "[9.0.303, )",
        "resolved": "9.0.303",
        "contentHash": "6JlV8aD8qQvcmfoe/PMOxCHXc0uX4lR23u0fAyQtnVQxYULLoTZgwgZHSnRcuUHOvS3wULFWcwdnP1iwslH60g=="
      },
      "FSharp.Data": {
        "type": "Direct",
        "requested": "[5.0.2, )",
        "resolved": "5.0.2",
        "contentHash": "eQBiOwlk6p8nVehcrxRK/22BwZXzJ2IkHXuqjIZ9Km0bH90WhBoF7OFdLWenc6dYizQmKv3qKIMCkKfVBepi0A==",
        "dependencies": {
          "FSharp.Core": "5.0.1"
        }
      },
      "Giraffe.ViewEngine": {
        "type": "Direct",
        "requested": "[1.4.0, )",
        "resolved": "1.4.0",
        "contentHash": "gWzlp8KGDLaPHMm/xGzfLT1e9wZaJhBKhEuMsPRBSn7wAMkSgMcaqJlWl8mFGCcOOx0r9UyDJvCJJQyljYmo+g==",
        "dependencies": {
          "FSharp.Core": "5.0.0"
        }
      },
      "lqdev.WebmentionFs": {
        "type": "Direct",
        "requested": "[0.0.7, )",
        "resolved": "0.0.7",
        "contentHash": "c8wQoieUwb+Be3yoLgajh2gvryaPy8C4mHb4jFC9LOzd2e5ipO0h6ulqzfGR/4V1a4PG5bTYh15lyT6z2HUgMg==",
        "dependencies": {
          "FSharp.Core": "7.0.0",
          "FSharp.Data": "5.0.2",
          "Microsoft.AspNetCore.Http.Abstractions": "2.2.0"
        }
      },
      "Markdig": {
        "type": "Direct",
        "requested": "[0.38.0, )",
        "resolved": "0.38.0",
        "contentHash": "zKy3JFjQvr1wbuMtbfcZVjNNCIqHxSCjGMq/CBcyNsY/MPsxqcS3o8M7CZ2kcMGGIw5LI2ZZd8rFUaFeV6SvrQ=="
      },
      "YamlDotNet": {
        "type": "Direct",
        "requested": "[16.3.0, )",
        "resolved": "16.3.0",
        "contentHash": "SgMOdxbz8X65z8hraIs6hOEdnkH6hESTAIUa7viEngHOYaH+6q5XJmwr1+yb9vJpNQ19hCQY69xbFsLtXpobQA=="
      },
      "Microsoft.AspNetCore.Http.Abstractions": {
        "type": "Transitive",
        "resolved": "2.2.0",
        "contentHash": "Nxs7Z1q3f1STfLYKJSVXCs1iBl+Ya6E8o4Oy1bCxJ/rNI44E/0f6tbsrVqAWfB7jlnJfyaAtIalBVxPKUPQb4Q==",
        "dependencies": {
          "Microsoft.AspNetCore.Http.Features": "2.2.0",
          "System.Text.Encodings.Web": "4.5.0"
        }
      },
      "Microsoft.AspNetCore.Http.Features": {
        "type": "Transitive",
        "resolved": "2.2.0",
        "contentHash": "ziFz5zH8f33En4dX81LW84I6XrYXKf9jg6aM39cM+LffN9KJahViKZ61dGMSO2gd3e+qe5yBRwsesvyqlZaSMg==",
        "dependencies": {
          "Microsoft.Extensions.Primitives": "2.2.0"
        }
      },
      "Microsoft.Extensions.Primitives": {
        "type": "Transitive",
        "resolved": "2.2.0",
        "contentHash": "azyQtqbm4fSaDzZHD/J+V6oWMFaf2tWP4WEGIYePLCMw3+b2RQdj9ybgbQyjCshcitQKQ4lEDOZjmSlTTrHxUg==",
        "dependencies": {
          "System.Memory": "4.5.1",
          "System.Runtime.CompilerServices.Unsafe": "4.5.1"
        }
      },
      "System.Memory": {
        "type": "Transitive",
        "resolved": "4.5.1",
        "contentHash": "sDJYJpGtTgx+23Ayu5euxG5mAXWdkDb4+b0rD0Cab0M1oQS9H0HXGPriKcqpXuiJDTV7fTp/d+fMDJmnr6sNvA=="
      },
      "System.Runtime.CompilerServices.Unsafe": {
        "type": "Transitive",
        "resolved": "4.5.1",
        "contentHash": "Zh8t8oqolRaFa9vmOZfdQm/qKejdqz0J9kr7o2Fu0vPeoH3BL1EOXipKWwkWtLT1JPzjByrF19fGuFlNbmPpiw=="
      },
      "System.Text.Encodings.Web": {
        "type": "Transitive",
        "resolved": "4.5.0",
        "contentHash": "Xg4G4Indi4dqP1iuAiMSwpiWS54ZghzR644OtsRCm/m/lBMG8dUBhLVN7hLm8NNrNTR+iGbshCPTwrvxZPlm4g=="
      }
    }
  }
}